// !$*UTF8*$!
{
	archiveVersion = 1;
	classes = {
	};
	objectVersion = 56;
	objects = {

/* Begin PBXBuildFile section */
		F33763C92938BF8700DD3E8B /* AppDelegate.swift in Sources */ = {isa = PBXBuildFile; fileRef = F33763C82938BF8700DD3E8B /* AppDelegate.swift */; };
		F33763CB2938BF8700DD3E8B /* SceneDelegate.swift in Sources */ = {isa = PBXBuildFile; fileRef = F33763CA2938BF8700DD3E8B /* SceneDelegate.swift */; };
		F33763CD2938BF8700DD3E8B /* ViewController.swift in Sources */ = {isa = PBXBuildFile; fileRef = F33763CC2938BF8700DD3E8B /* ViewController.swift */; };
		F33763D02938BF8700DD3E8B /* Main.storyboard in Resources */ = {isa = PBXBuildFile; fileRef = F33763CE2938BF8700DD3E8B /* Main.storyboard */; };
		F33763D22938BF8800DD3E8B /* Assets.xcassets in Resources */ = {isa = PBXBuildFile; fileRef = F33763D12938BF8800DD3E8B /* Assets.xcassets */; };
		F33763D52938BF8800DD3E8B /* LaunchScreen.storyboard in Resources */ = {isa = PBXBuildFile; fileRef = F33763D32938BF8800DD3E8B /* LaunchScreen.storyboard */; };
		F33763DF293CB8CF00DD3E8B /* SpotifyMusicContainerView.swift in Sources */ = {isa = PBXBuildFile; fileRef = F33763DE293CB8CF00DD3E8B /* SpotifyMusicContainerView.swift */; };
/* End PBXBuildFile section */

/* Begin PBXFileReference section */
		F33763C52938BF8700DD3E8B /* multipleUIViews.app */ = {isa = PBXFileReference; explicitFileType = wrapper.application; includeInIndex = 0; path = multipleUIViews.app; sourceTree = BUILT_PRODUCTS_DIR; };
		F33763C82938BF8700DD3E8B /* AppDelegate.swift */ = {isa = PBXFileReference; lastKnownFileType = sourcecode.swift; path = AppDelegate.swift; sourceTree = "<group>"; };
		F33763CA2938BF8700DD3E8B /* SceneDelegate.swift */ = {isa = PBXFileReference; lastKnownFileType = sourcecode.swift; path = SceneDelegate.swift; sourceTree = "<group>"; };
		F33763CC2938BF8700DD3E8B /* ViewController.swift */ = {isa = PBXFileReference; lastKnownFileType = sourcecode.swift; path = ViewController.swift; sourceTree = "<group>"; };
		F33763CF2938BF8700DD3E8B /* Base */ = {isa = PBXFileReference; lastKnownFileType = file.storyboard; name = Base; path = Base.lproj/Main.storyboard; sourceTree = "<group>"; };
		F33763D12938BF8800DD3E8B /* Assets.xcassets */ = {isa = PBXFileReference; lastKnownFileType = folder.assetcatalog; path = Assets.xcassets; sourceTree = "<group>"; };
		F33763D42938BF8800DD3E8B /* Base */ = {isa = PBXFileReference; lastKnownFileType = file.storyboard; name = Base; path = Base.lproj/LaunchScreen.storyboard; sourceTree = "<group>"; };
		F33763D62938BF8800DD3E8B /* Info.plist */ = {isa = PBXFileReference; lastKnownFileType = text.plist.xml; path = Info.plist; sourceTree = "<group>"; };
		F33763DE293CB8CF00DD3E8B /* SpotifyMusicContainerView.swift */ = {isa = PBXFileReference; lastKnownFileType = sourcecode.swift; path = SpotifyMusicContainerView.swift; sourceTree = "<group>"; };
/* End PBXFileReference section */

/* Begin PBXFrameworksBuildPhase section */
		F33763C22938BF8700DD3E8B /* Frameworks */ = {
			isa = PBXFrameworksBuildPhase;
			buildActionMask = 2147483647;
			files = (
			);
			runOnlyForDeploymentPostprocessing = 0;
		};
/* End PBXFrameworksBuildPhase section */

/* Begin PBXGroup section */
		F33763BC2938BF8700DD3E8B = {
			isa = PBXGroup;
			children = (
				F33763C72938BF8700DD3E8B /* multipleUIViews */,
				F33763C62938BF8700DD3E8B /* Products */,
			);
			sourceTree = "<group>";
		};
		F33763C62938BF8700DD3E8B /* Products */ = {
			isa = PBXGroup;
			children = (
				F33763C52938BF8700DD3E8B /* multipleUIViews.app */,
			);
			name = Products;
			sourceTree = "<group>";
		};
		F33763C72938BF8700DD3E8B /* multipleUIViews */ = {
			isa = PBXGroup;
			children = (
				F33763C82938BF8700DD3E8B /* AppDelegate.swift */,
				F33763CA2938BF8700DD3E8B /* SceneDelegate.swift */,
				F33763CC2938BF8700DD3E8B /* ViewController.swift */,
				F33763DE293CB8CF00DD3E8B /* SpotifyMusicContainerView.swift */,
				F33763CE2938BF8700DD3E8B /* Main.storyboard */,
				F33763D12938BF8800DD3E8B /* Assets.xcassets */,
				F33763D32938BF8800DD3E8B /* LaunchScreen.storyboard */,
				F33763D62938BF8800DD3E8B /* Info.plist */,
			);
			path = multipleUIViews;
			sourceTree = "<group>";
		};
/* End PBXGroup section */

/* Begin PBXNativeTarget section */
		F33763C42938BF8700DD3E8B /* multipleUIViews */ = {
			isa = PBXNativeTarget;
			buildConfigurationList = F33763D92938BF8800DD3E8B /* Build configuration list for PBXNativeTarget "multipleUIViews" */;
			buildPhases = (
				F33763C12938BF8700DD3E8B /* Sources */,
				F33763C22938BF8700DD3E8B /* Frameworks */,
				F33763C32938BF8700DD3E8B /* Resources */,
			);
			buildRules = (
			);
			dependencies = (
			);
			name = multipleUIViews;
			productName = multipleUIViews;
			productReference = F33763C52938BF8700DD3E8B /* multipleUIViews.app */;
			productType = "com.apple.product-type.application";
		};
/* End PBXNativeTarget section */

/* Begin PBXProject section */
		F33763BD2938BF8700DD3E8B /* Project object */ = {
			isa = PBXProject;
			attributes = {
				BuildIndependentTargetsInParallel = 1;
				LastSwiftUpdateCheck = 1410;
				LastUpgradeCheck = 1410;
				TargetAttributes = {
					F33763C42938BF8700DD3E8B = {
						CreatedOnToolsVersion = 14.1;
					};
				};
			};
			buildConfigurationList = F33763C02938BF8700DD3E8B /* Build configuration list for PBXProject "multipleUIViews" */;
			compatibilityVersion = "Xcode 14.0";
			developmentRegion = en;
			hasScannedForEncodings = 0;
			knownRegions = (
				en,
				Base,
			);
			mainGroup = F33763BC2938BF8700DD3E8B;
			productRefGroup = F33763C62938BF8700DD3E8B /* Products */;
			projectDirPath = "";
			projectRoot = "";
			targets = (
				F33763C42938BF8700DD3E8B /* multipleUIViews */,
			);
		};
/* End PBXProject section */

/* Begin PBXResourcesBuildPhase section */
		F33763C32938BF8700DD3E8B /* Resources */ = {
			isa = PBXResourcesBuildPhase;
			buildActionMask = 2147483647;
			files = (
				F33763D52938BF8800DD3E8B /* LaunchScreen.storyboard in Resources */,
				F33763D22938BF8800DD3E8B /* Assets.xcassets in Resources */,
				F33763D02938BF8700DD3E8B /* Main.storyboard in Resources */,
			);
			runOnlyForDeploymentPostprocessing = 0;
		};
/* End PBXResourcesBuildPhase section */

/* Begin PBXSourcesBuildPhase section */
		F33763C12938BF8700DD3E8B /* Sources */ = {
			isa = PBXSourcesBuildPhase;
			buildActionMask = 2147483647;
			files = (
				F33763CD2938BF8700DD3E8B /* ViewController.swift in Sources */,
				F33763C92938BF8700DD3E8B /* AppDelegate.swift in Sources */,
				F33763CB2938BF8700DD3E8B /* SceneDelegate.swift in Sources */,
				F33763DF293CB8CF00DD3E8B /* SpotifyMusicContainerView.swift in Sources */,
			);
			runOnlyForDeploymentPostprocessing = 0;
		};
/* End PBXSourcesBuildPhase section */

/* Begin PBXVariantGroup section */
		F33763CE2938BF8700DD3E8B /* Main.storyboard */ = {
			isa = PBXVariantGroup;
			children = (
				F33763CF2938BF8700DD3E8B /* Base */,
			);
			name = Main.storyboard;
			sourceTree = "<group>";
		};
		F33763D32938BF8800DD3E8B /* LaunchScreen.storyboard */ = {
			isa = PBXVariantGroup;
			children = (
				F33763D42938BF8800DD3E8B /* Base */,
			);
			name = LaunchScreen.storyboard;
			sourceTree = "<group>";
		};
/* End PBXVariantGroup section */

/* Begin XCBuildConfiguration section */
		F33763D72938BF8800DD3E8B /* Debug */ = {
			isa = XCBuildConfiguration;
			buildSettings = {
				ALWAYS_SEARCH_USER_PATHS = NO;
				CLANG_ANALYZER_NONNULL = YES;
				CLANG_ANALYZER_NUMBER_OBJECT_CONVERSION = YES_AGGRESSIVE;
				CLANG_CXX_LANGUAGE_STANDARD = "gnu++20";
				CLANG_ENABLE_MODULES = YES;
				CLANG_ENABLE_OBJC_ARC = YES;
				CLANG_ENABLE_OBJC_WEAK = YES;
				CLANG_WARN_BLOCK_CAPTURE_AUTORELEASING = YES;
				CLANG_WARN_BOOL_CONVERSION = YES;
				CLANG_WARN_COMMA = YES;
				CLANG_WARN_CONSTANT_CONVERSION = YES;
				CLANG_WARN_DEPRECATED_OBJC_IMPLEMENTATIONS = YES;
				CLANG_WARN_DIRECT_OBJC_ISA_USAGE = YES_ERROR;
				CLANG_WARN_DOCUMENTATION_COMMENTS = YES;
				CLANG_WARN_EMPTY_BODY = YES;
				CLANG_WARN_ENUM_CONVERSION = YES;
				CLANG_WARN_INFINITE_RECURSION = YES;
				CLANG_WARN_INT_CONVERSION = YES;
				CLANG_WARN_NON_LITERAL_NULL_CONVERSION = YES;
				CLANG_WARN_OBJC_IMPLICIT_RETAIN_SELF = YES;
				CLANG_WARN_OBJC_LITERAL_CONVERSION = YES;
				CLANG_WARN_OBJC_ROOT_CLASS = YES_ERROR;
				CLANG_WARN_QUOTED_INCLUDE_IN_FRAMEWORK_HEADER = YES;
				CLANG_WARN_RANGE_LOOP_ANALYSIS = YES;
				CLANG_WARN_STRICT_PROTOTYPES = YES;
				CLANG_WARN_SUSPICIOUS_MOVE = YES;
				CLANG_WARN_UNGUARDED_AVAILABILITY = YES_AGGRESSIVE;
				CLANG_WARN_UNREACHABLE_CODE = YES;
				CLANG_WARN__DUPLICATE_METHOD_MATCH = YES;
				COPY_PHASE_STRIP = NO;
				DEBUG_INFORMATION_FORMAT = dwarf;
				ENABLE_STRICT_OBJC_MSGSEND = YES;
				ENABLE_TESTABILITY = YES;
				GCC_C_LANGUAGE_STANDARD = gnu11;
				GCC_DYNAMIC_NO_PIC = NO;
				GCC_NO_COMMON_BLOCKS = YES;
				GCC_OPTIMIZATION_LEVEL = 0;
				GCC_PREPROCESSOR_DEFINITIONS = (
					"DEBUG=1",
					"$(inherited)",
				);
				GCC_WARN_64_TO_32_BIT_CONVERSION = YES;
				GCC_WARN_ABOUT_RETURN_TYPE = YES_ERROR;
				GCC_WARN_UNDECLARED_SELECTOR = YES;
				GCC_WARN_UNINITIALIZED_AUTOS = YES_AGGRESSIVE;
				GCC_WARN_UNUSED_FUNCTION = YES;
				GCC_WARN_UNUSED_VARIABLE = YES;
				IPHONEOS_DEPLOYMENT_TARGET = 16.1;
				MTL_ENABLE_DEBUG_INFO = INCLUDE_SOURCE;
				MTL_FAST_MATH = YES;
				ONLY_ACTIVE_ARCH = YES;
				SDKROOT = iphoneos;
				SWIFT_ACTIVE_COMPILATION_CONDITIONS = DEBUG;
				SWIFT_OPTIMIZATION_LEVEL = "-Onone";
			};
			name = Debug;
		};
		F33763D82938BF8800DD3E8B /* Release */ = {
			isa = XCBuildConfiguration;
			buildSettings = {
				ALWAYS_SEARCH_USER_PATHS = NO;
				CLANG_ANALYZER_NONNULL = YES;
				CLANG_ANALYZER_NUMBER_OBJECT_CONVERSION = YES_AGGRESSIVE;
				CLANG_CXX_LANGUAGE_STANDARD = "gnu++20";
				CLANG_ENABLE_MODULES = YES;
				CLANG_ENABLE_OBJC_ARC = YES;
				CLANG_ENABLE_OBJC_WEAK = YES;
				CLANG_WARN_BLOCK_CAPTURE_AUTORELEASING = YES;
				CLANG_WARN_BOOL_CONVERSION = YES;
				CLANG_WARN_COMMA = YES;
				CLANG_WARN_CONSTANT_CONVERSION = YES;
				CLANG_WARN_DEPRECATED_OBJC_IMPLEMENTATIONS = YES;
				CLANG_WARN_DIRECT_OBJC_ISA_USAGE = YES_ERROR;
				CLANG_WARN_DOCUMENTATION_COMMENTS = YES;
				CLANG_WARN_EMPTY_BODY = YES;
				CLANG_WARN_ENUM_CONVERSION = YES;
				CLANG_WARN_INFINITE_RECURSION = YES;
				CLANG_WARN_INT_CONVERSION = YES;
				CLANG_WARN_NON_LITERAL_NULL_CONVERSION = YES;
				CLANG_WARN_OBJC_IMPLICIT_RETAIN_SELF = YES;
				CLANG_WARN_OBJC_LITERAL_CONVERSION = YES;
				CLANG_WARN_OBJC_ROOT_CLASS = YES_ERROR;
				CLANG_WARN_QUOTED_INCLUDE_IN_FRAMEWORK_HEADER = YES;
				CLANG_WARN_RANGE_LOOP_ANALYSIS = YES;
				CLANG_WARN_STRICT_PROTOTYPES = YES;
				CLANG_WARN_SUSPICIOUS_MOVE = YES;
				CLANG_WARN_UNGUARDED_AVAILABILITY = YES_AGGRESSIVE;
				CLANG_WARN_UNREACHABLE_CODE = YES;
				CLANG_WARN__DUPLICATE_METHOD_MATCH = YES;
				COPY_PHASE_STRIP = NO;
				DEBUG_INFORMATION_FORMAT = "dwarf-with-dsym";
				ENABLE_NS_ASSERTIONS = NO;
				ENABLE_STRICT_OBJC_MSGSEND = YES;
				GCC_C_LANGUAGE_STANDARD = gnu11;
				GCC_NO_COMMON_BLOCKS = YES;
				GCC_WARN_64_TO_32_BIT_CONVERSION = YES;
				GCC_WARN_ABOUT_RETURN_TYPE = YES_ERROR;
				GCC_WARN_UNDECLARED_SELECTOR = YES;
				GCC_WARN_UNINITIALIZED_AUTOS = YES_AGGRESSIVE;
				GCC_WARN_UNUSED_FUNCTION = YES;
				GCC_WARN_UNUSED_VARIABLE = YES;
				IPHONEOS_DEPLOYMENT_TARGET = 16.1;
				MTL_ENABLE_DEBUG_INFO = NO;
				MTL_FAST_MATH = YES;
				SDKROOT = iphoneos;
				SWIFT_COMPILATION_MODE = wholemodule;
				SWIFT_OPTIMIZATION_LEVEL = "-O";
				VALIDATE_PRODUCT = YES;
			};
			name = Release;
		};
		F33763DA2938BF8800DD3E8B /* Debug */ = {
			isa = XCBuildConfiguration;
			buildSettings = {
				ASSETCATALOG_COMPILER_APPICON_NAME = AppIcon;
				ASSETCATALOG_COMPILER_GLOBAL_ACCENT_COLOR_NAME = AccentColor;
				CODE_SIGN_STYLE = Automatic;
				CURRENT_PROJECT_VERSION = 1;
				DEVELOPMENT_TEAM = TS4EZ25PY5;
				GENERATE_INFOPLIST_FILE = YES;
				INFOPLIST_FILE = multipleUIViews/Info.plist;
				INFOPLIST_KEY_UIApplicationSupportsIndirectInputEvents = YES;
				INFOPLIST_KEY_UILaunchStoryboardName = LaunchScreen;
				INFOPLIST_KEY_UIMainStoryboardFile = Main;
				INFOPLIST_KEY_UISupportedInterfaceOrientations_iPad = "UIInterfaceOrientationPortrait UIInterfaceOrientationPortraitUpsideDown UIInterfaceOrientationLandscapeLeft UIInterfaceOrientationLandscapeRight";
				INFOPLIST_KEY_UISupportedInterfaceOrientations_iPhone = "UIInterfaceOrientationPortrait UIInterfaceOrientationLandscapeLeft UIInterfaceOrientationLandscapeRight";
				LD_RUNPATH_SEARCH_PATHS = (
					"$(inherited)",
					"@executable_path/Frameworks",
				);
				MARKETING_VERSION = 1.0;
				PRODUCT_BUNDLE_IDENTIFIER = com.simphiwekuse.multipleUIViews;
				PRODUCT_NAME = "$(TARGET_NAME)";
				SWIFT_EMIT_LOC_STRINGS = YES;
				SWIFT_VERSION = 5.0;
				TARGETED_DEVICE_FAMILY = "1,2";
			};
			name = Debug;
		};
		F33763DB2938BF8800DD3E8B /* Release */ = {
			isa = XCBuildConfiguration;
			buildSettings = {
				ASSETCATALOG_COMPILER_APPICON_NAME = AppIcon;
				ASSETCATALOG_COMPILER_GLOBAL_ACCENT_COLOR_NAME = AccentColor;
				CODE_SIGN_STYLE = Automatic;
				CURRENT_PROJECT_VERSION = 1;
				DEVELOPMENT_TEAM = TS4EZ25PY5;
				GENERATE_INFOPLIST_FILE = YES;
				INFOPLIST_FILE = multipleUIViews/Info.plist;
				INFOPLIST_KEY_UIApplicationSupportsIndirectInputEvents = YES;
				INFOPLIST_KEY_UILaunchStoryboardName = LaunchScreen;
				INFOPLIST_KEY_UIMainStoryboardFile = Main;
				INFOPLIST_KEY_UISupportedInterfaceOrientations_iPad = "UIInterfaceOrientationPortrait UIInterfaceOrientationPortraitUpsideDown UIInterfaceOrientationLandscapeLeft UIInterfaceOrientationLandscapeRight";
				INFOPLIST_KEY_UISupportedInterfaceOrientations_iPhone = "UIInterfaceOrientationPortrait UIInterfaceOrientationLandscapeLeft UIInterfaceOrientationLandscapeRight";
				LD_RUNPATH_SEARCH_PATHS = (
					"$(inherited)",
					"@executable_path/Frameworks",
				);
				MARKETING_VERSION = 1.0;
				PRODUCT_BUNDLE_IDENTIFIER = com.simphiwekuse.multipleUIViews;
				PRODUCT_NAME = "$(TARGET_NAME)";
				SWIFT_EMIT_LOC_STRINGS = YES;
				SWIFT_VERSION = 5.0;
				TARGETED_DEVICE_FAMILY = "1,2";
			};
			name = Release;
		};
/* End XCBuildConfiguration section */

/* Begin XCConfigurationList section */
		F33763C02938BF8700DD3E8B /* Build configuration list for PBXProject "multipleUIViews" */ = {
			isa = XCConfigurationList;
			buildConfigurations = (
				F33763D72938BF8800DD3E8B /* Debug */,
				F33763D82938BF8800DD3E8B /* Release */,
			);
			defaultConfigurationIsVisible = 0;
			defaultConfigurationName = Release;
		};
		F33763D92938BF8800DD3E8B /* Build configuration list for PBXNativeTarget "multipleUIViews" */ = {
			isa = XCConfigurationList;
			buildConfigurations = (
				F33763DA2938BF8800DD3E8B /* Debug */,
				F33763DB2938BF8800DD3E8B /* Release */,
			);
			defaultConfigurationIsVisible = 0;
			defaultConfigurationName = Release;
		};
/* End XCConfigurationList section */
	};
	rootObject = F33763BD2938BF8700DD3E8B /* Project object */;
}
